
Microsoft Visual Studio Solution File, Format Version 12.00
# Visual Studio Version 17
VisualStudioVersion = 17.5.33627.172
MinimumVisualStudioVersion = 10.0.40219.1
Project("{FAE04EC0-301F-11D3-BF4B-00C04F79EFBC}") = "Chapter7CSharpLearningCollectionsDictionares", "Chapter7CSharpLearningCollectionsDictionares\Chapter7CSharpLearningCollectionsDictionares.csproj", "{53FF8D1A-679C-4596-976B-2756A6418880}"
EndProject
Global
	GlobalSection(SolutionConfigurationPlatforms) = preSolution
		Debug|Any CPU = Debug|Any CPU
		Release|Any CPU = Release|Any CPU
	EndGlobalSection
	GlobalSection(ProjectConfigurationPlatforms) = postSolution
		{53FF8D1A-679C-4596-976B-2756A6418880}.Debug|Any CPU.ActiveCfg = Debug|Any CPU
		{53FF8D1A-679C-4596-976B-2756A6418880}.Debug|Any CPU.Build.0 = Debug|Any CPU
		{53FF8D1A-679C-4596-976B-2756A6418880}.Release|Any CPU.ActiveCfg = Release|Any CPU
		{53FF8D1A-679C-4596-976B-2756A6418880}.Release|Any CPU.Build.0 = Release|Any CPU
	EndGlobalSection
	GlobalSection(SolutionProperties) = preSolution
		HideSolutionNode = FALSE
	EndGlobalSection
	GlobalSection(ExtensibilityGlobals) = postSolution
		SolutionGuid = {866C5365-A9BF-4CA6-86B8-A1D98B8D7521}
	EndGlobalSection
EndGlobal
