
Microsoft Visual Studio Solution File, Format Version 12.00
# Visual Studio Version 17
VisualStudioVersion = 17.5.33627.172
MinimumVisualStudioVersion = 10.0.40219.1
Project("{FAE04EC0-301F-11D3-BF4B-00C04F79EFBC}") = "Chapter18CSharpLearningLinqToSQL", "Chapter18CSharpLearningLinqToSQL\Chapter18CSharpLearningLinqToSQL.csproj", "{86935C51-8190-4351-BDC4-D5F9079285B9}"
EndProject
Global
	GlobalSection(SolutionConfigurationPlatforms) = preSolution
		Debug|Any CPU = Debug|Any CPU
		Release|Any CPU = Release|Any CPU
	EndGlobalSection
	GlobalSection(ProjectConfigurationPlatforms) = postSolution
		{86935C51-8190-4351-BDC4-D5F9079285B9}.Debug|Any CPU.ActiveCfg = Debug|Any CPU
		{86935C51-8190-4351-BDC4-D5F9079285B9}.Debug|Any CPU.Build.0 = Debug|Any CPU
		{86935C51-8190-4351-BDC4-D5F9079285B9}.Release|Any CPU.ActiveCfg = Release|Any CPU
		{86935C51-8190-4351-BDC4-D5F9079285B9}.Release|Any CPU.Build.0 = Release|Any CPU
	EndGlobalSection
	GlobalSection(SolutionProperties) = preSolution
		HideSolutionNode = FALSE
	EndGlobalSection
	GlobalSection(ExtensibilityGlobals) = postSolution
		SolutionGuid = {3AD5DF11-D670-4E63-9522-EDFD869F2A3C}
	EndGlobalSection
EndGlobal
