
Microsoft Visual Studio Solution File, Format Version 12.00
# Visual Studio Version 17
VisualStudioVersion = 17.5.33627.172
MinimumVisualStudioVersion = 10.0.40219.1
Project("{FAE04EC0-301F-11D3-BF4B-00C04F79EFBC}") = "Chapter11CSharpLearningRegularExpression", "Chapter11CSharpLearningRegularExpression\Chapter11CSharpLearningRegularExpression.csproj", "{299233D0-2051-4176-8713-4FD180F1464C}"
EndProject
Global
	GlobalSection(SolutionConfigurationPlatforms) = preSolution
		Debug|Any CPU = Debug|Any CPU
		Release|Any CPU = Release|Any CPU
	EndGlobalSection
	GlobalSection(ProjectConfigurationPlatforms) = postSolution
		{299233D0-2051-4176-8713-4FD180F1464C}.Debug|Any CPU.ActiveCfg = Debug|Any CPU
		{299233D0-2051-4176-8713-4FD180F1464C}.Debug|Any CPU.Build.0 = Debug|Any CPU
		{299233D0-2051-4176-8713-4FD180F1464C}.Release|Any CPU.ActiveCfg = Release|Any CPU
		{299233D0-2051-4176-8713-4FD180F1464C}.Release|Any CPU.Build.0 = Release|Any CPU
	EndGlobalSection
	GlobalSection(SolutionProperties) = preSolution
		HideSolutionNode = FALSE
	EndGlobalSection
	GlobalSection(ExtensibilityGlobals) = postSolution
		SolutionGuid = {F6025A66-8E69-4A05-AC04-14BE164728F4}
	EndGlobalSection
EndGlobal
