
Microsoft Visual Studio Solution File, Format Version 12.00
# Blend for Visual Studio Version 17
VisualStudioVersion = 17.5.33627.172
MinimumVisualStudioVersion = 10.0.40219.1
Project("{9A19103F-16F7-4668-BE54-9A1E7A4F7556}") = "Chapter2CsharpLearningVariables", "24changingtheconsole\Chapter2CsharpLearningVariables.csproj", "{D3EAB8DF-3AC9-4335-85B7-DEE41AC6B780}"
EndProject
Global
	GlobalSection(SolutionConfigurationPlatforms) = preSolution
		Debug|Any CPU = Debug|Any CPU
		Release|Any CPU = Release|Any CPU
	EndGlobalSection
	GlobalSection(ProjectConfigurationPlatforms) = postSolution
		{D3EAB8DF-3AC9-4335-85B7-DEE41AC6B780}.Debug|Any CPU.ActiveCfg = Debug|Any CPU
		{D3EAB8DF-3AC9-4335-85B7-DEE41AC6B780}.Debug|Any CPU.Build.0 = Debug|Any CPU
		{D3EAB8DF-3AC9-4335-85B7-DEE41AC6B780}.Release|Any CPU.ActiveCfg = Release|Any CPU
		{D3EAB8DF-3AC9-4335-85B7-DEE41AC6B780}.Release|Any CPU.Build.0 = Release|Any CPU
	EndGlobalSection
	GlobalSection(SolutionProperties) = preSolution
		HideSolutionNode = FALSE
	EndGlobalSection
	GlobalSection(ExtensibilityGlobals) = postSolution
		SolutionGuid = {F67048EA-7C95-4412-B59A-B1F262500FEE}
	EndGlobalSection
EndGlobal
