
Microsoft Visual Studio Solution File, Format Version 12.00
# Visual Studio Version 17
VisualStudioVersion = 17.5.33627.172
MinimumVisualStudioVersion = 10.0.40219.1
Project("{FAE04EC0-301F-11D3-BF4B-00C04F79EFBC}") = "Chapter3CsharpLearningFunctionsMethods", "Chapter3CsharpLearningFunctionsMethods\Chapter3CsharpLearningFunctionsMethods.csproj", "{280F0780-F84F-4636-8DFA-9063EA54B191}"
EndProject
Global
	GlobalSection(SolutionConfigurationPlatforms) = preSolution
		Debug|Any CPU = Debug|Any CPU
		Release|Any CPU = Release|Any CPU
	EndGlobalSection
	GlobalSection(ProjectConfigurationPlatforms) = postSolution
		{280F0780-F84F-4636-8DFA-9063EA54B191}.Debug|Any CPU.ActiveCfg = Debug|Any CPU
		{280F0780-F84F-4636-8DFA-9063EA54B191}.Debug|Any CPU.Build.0 = Debug|Any CPU
		{280F0780-F84F-4636-8DFA-9063EA54B191}.Release|Any CPU.ActiveCfg = Release|Any CPU
		{280F0780-F84F-4636-8DFA-9063EA54B191}.Release|Any CPU.Build.0 = Release|Any CPU
	EndGlobalSection
	GlobalSection(SolutionProperties) = preSolution
		HideSolutionNode = FALSE
	EndGlobalSection
	GlobalSection(ExtensibilityGlobals) = postSolution
		SolutionGuid = {4D5E8CBD-2D0F-44A2-9BD7-BA3BAE54490A}
	EndGlobalSection
EndGlobal
