
Microsoft Visual Studio Solution File, Format Version 12.00
# Visual Studio Version 17
VisualStudioVersion = 17.5.33627.172
MinimumVisualStudioVersion = 10.0.40219.1
Project("{FAE04EC0-301F-11D3-BF4B-00C04F79EFBC}") = "Chapter10CSharpLearningAbstract", "Chapter10CSharpLearningAbstract\Chapter10CSharpLearningAbstract.csproj", "{2C737F1F-8999-4740-B281-CACD9136996B}"
EndProject
Global
	GlobalSection(SolutionConfigurationPlatforms) = preSolution
		Debug|Any CPU = Debug|Any CPU
		Release|Any CPU = Release|Any CPU
	EndGlobalSection
	GlobalSection(ProjectConfigurationPlatforms) = postSolution
		{2C737F1F-8999-4740-B281-CACD9136996B}.Debug|Any CPU.ActiveCfg = Debug|Any CPU
		{2C737F1F-8999-4740-B281-CACD9136996B}.Debug|Any CPU.Build.0 = Debug|Any CPU
		{2C737F1F-8999-4740-B281-CACD9136996B}.Release|Any CPU.ActiveCfg = Release|Any CPU
		{2C737F1F-8999-4740-B281-CACD9136996B}.Release|Any CPU.Build.0 = Release|Any CPU
	EndGlobalSection
	GlobalSection(SolutionProperties) = preSolution
		HideSolutionNode = FALSE
	EndGlobalSection
	GlobalSection(ExtensibilityGlobals) = postSolution
		SolutionGuid = {062C1162-5882-4CC7-80D5-4D3A5B242842}
	EndGlobalSection
EndGlobal
