
Microsoft Visual Studio Solution File, Format Version 12.00
# Visual Studio Version 17
VisualStudioVersion = 17.5.33627.172
MinimumVisualStudioVersion = 10.0.40219.1
Project("{FAE04EC0-301F-11D3-BF4B-00C04F79EFBC}") = "Chapter12CSharpLearningMulticastDelegates", "Chapter12CSharpLearningMulticastDelegates\Chapter12CSharpLearningMulticastDelegates.csproj", "{98C113C6-C843-44D8-8442-1308D1CC3350}"
EndProject
Global
	GlobalSection(SolutionConfigurationPlatforms) = preSolution
		Debug|Any CPU = Debug|Any CPU
		Release|Any CPU = Release|Any CPU
	EndGlobalSection
	GlobalSection(ProjectConfigurationPlatforms) = postSolution
		{98C113C6-C843-44D8-8442-1308D1CC3350}.Debug|Any CPU.ActiveCfg = Debug|Any CPU
		{98C113C6-C843-44D8-8442-1308D1CC3350}.Debug|Any CPU.Build.0 = Debug|Any CPU
		{98C113C6-C843-44D8-8442-1308D1CC3350}.Release|Any CPU.ActiveCfg = Release|Any CPU
		{98C113C6-C843-44D8-8442-1308D1CC3350}.Release|Any CPU.Build.0 = Release|Any CPU
	EndGlobalSection
	GlobalSection(SolutionProperties) = preSolution
		HideSolutionNode = FALSE
	EndGlobalSection
	GlobalSection(ExtensibilityGlobals) = postSolution
		SolutionGuid = {B4C11E14-AF7B-4E1F-8DCD-862065A22A1D}
	EndGlobalSection
EndGlobal
