
Microsoft Visual Studio Solution File, Format Version 12.00
# Visual Studio Version 17
VisualStudioVersion = 17.5.33627.172
MinimumVisualStudioVersion = 10.0.40219.1
Project("{FAE04EC0-301F-11D3-BF4B-00C04F79EFBC}") = "Chapter21CSharpLearningTaskThreads", "Chapter21CSharpLearningTaskThreads\Chapter21CSharpLearningTaskThreads.csproj", "{6BF7419E-985E-446C-8851-5DD1323B63C2}"
EndProject
Global
	GlobalSection(SolutionConfigurationPlatforms) = preSolution
		Debug|Any CPU = Debug|Any CPU
		Release|Any CPU = Release|Any CPU
	EndGlobalSection
	GlobalSection(ProjectConfigurationPlatforms) = postSolution
		{6BF7419E-985E-446C-8851-5DD1323B63C2}.Debug|Any CPU.ActiveCfg = Debug|Any CPU
		{6BF7419E-985E-446C-8851-5DD1323B63C2}.Debug|Any CPU.Build.0 = Debug|Any CPU
		{6BF7419E-985E-446C-8851-5DD1323B63C2}.Release|Any CPU.ActiveCfg = Release|Any CPU
		{6BF7419E-985E-446C-8851-5DD1323B63C2}.Release|Any CPU.Build.0 = Release|Any CPU
	EndGlobalSection
	GlobalSection(SolutionProperties) = preSolution
		HideSolutionNode = FALSE
	EndGlobalSection
	GlobalSection(ExtensibilityGlobals) = postSolution
		SolutionGuid = {4AF36958-85F6-4DB0-8423-65FE4A984068}
	EndGlobalSection
EndGlobal
