
Microsoft Visual Studio Solution File, Format Version 12.00
# Visual Studio Version 17
VisualStudioVersion = 17.5.33627.172
MinimumVisualStudioVersion = 10.0.40219.1
Project("{FAE04EC0-301F-11D3-BF4B-00C04F79EFBC}") = "Chapter21CSharpLearningThreadsJoining", "Chapter21CSharpLearningThreadsJoining\Chapter21CSharpLearningThreadsJoining.csproj", "{CEB2C912-E0A7-42FC-B669-D9BA62BB9752}"
EndProject
Global
	GlobalSection(SolutionConfigurationPlatforms) = preSolution
		Debug|Any CPU = Debug|Any CPU
		Release|Any CPU = Release|Any CPU
	EndGlobalSection
	GlobalSection(ProjectConfigurationPlatforms) = postSolution
		{CEB2C912-E0A7-42FC-B669-D9BA62BB9752}.Debug|Any CPU.ActiveCfg = Debug|Any CPU
		{CEB2C912-E0A7-42FC-B669-D9BA62BB9752}.Debug|Any CPU.Build.0 = Debug|Any CPU
		{CEB2C912-E0A7-42FC-B669-D9BA62BB9752}.Release|Any CPU.ActiveCfg = Release|Any CPU
		{CEB2C912-E0A7-42FC-B669-D9BA62BB9752}.Release|Any CPU.Build.0 = Release|Any CPU
	EndGlobalSection
	GlobalSection(SolutionProperties) = preSolution
		HideSolutionNode = FALSE
	EndGlobalSection
	GlobalSection(ExtensibilityGlobals) = postSolution
		SolutionGuid = {6ED01B9C-B997-4D37-BDE0-A3BD0EFCD7CB}
	EndGlobalSection
EndGlobal
